lockfileVersion: '6.0'

settings:
  autoInstallPeers: true
  excludeLinksFromLockfile: false

dependencies:
  '@hocuspocus/server':
    specifier: ^2.11.3
    version: 2.11.3(y-protocols@1.0.6)(yjs@13.6.14)

packages:

  /@hocuspocus/common@2.11.3:
    resolution: {integrity: sha512-w3UZpW6ZVYIHPEFzZJV3yn1d3EZaXf2m2zU53pwj0AyTBmVD7kB9ZiD6twc9A7NNB1dkqD8c58PbD42+pnNiKQ==}
    dependencies:
      lib0: 0.2.91
    dev: false

  /@hocuspocus/server@2.11.3(y-protocols@1.0.6)(yjs@13.6.14):
    resolution: {integrity: sha512-1Vdy4RtJcpffs5I4Ey3M8ulu2f6AbpSDmK4YFG8k3O4EJT7HDSO3Ib5STiRBxlr2LncJeVa2ikwlvwQotsWqew==}
    peerDependencies:
      y-protocols: ^1.0.6
      yjs: ^13.6.8
    dependencies:
      '@hocuspocus/common': 2.11.3
      async-lock: 1.4.1
      kleur: 4.1.5
      lib0: 0.2.91
      uuid: 9.0.1
      ws: 8.16.0
      y-protocols: 1.0.6(yjs@13.6.14)
      yjs: 13.6.14
    transitivePeerDependencies:
      - bufferutil
      - utf-8-validate
    dev: false

  /async-lock@1.4.1:
    resolution: {integrity: sha512-Az2ZTpuytrtqENulXwO3GGv1Bztugx6TT37NIo7imr/Qo0gsYiGtSdBa2B6fsXhTpVZDNfu1Qn3pk531e3q+nQ==}
    dev: false

  /isomorphic.js@0.2.5:
    resolution: {integrity: sha512-PIeMbHqMt4DnUP3MA/Flc0HElYjMXArsw1qwJZcm9sqR8mq3l8NYizFMty0pWwE/tzIGH3EKK5+jes5mAr85yw==}
    dev: false

  /kleur@4.1.5:
    resolution: {integrity: sha512-o+NO+8WrRiQEE4/7nwRJhN1HWpVmJm511pBHUxPLtp0BUISzlBplORYSmTclCnJvQq2tKu/sgl3xVpkc7ZWuQQ==}
    engines: {node: '>=6'}
    dev: false

  /lib0@0.2.91:
    resolution: {integrity: sha512-LRcTp8RmdHexL8olb7qErdROnJ2L6Js5Am99WQo0hiTRDWtk6vyUJJjTB6I/RcW8jwNQshM3NqH598DdhSOajA==}
    engines: {node: '>=16'}
    hasBin: true
    dependencies:
      isomorphic.js: 0.2.5
    dev: false

  /uuid@9.0.1:
    resolution: {integrity: sha512-b+1eJOlsR9K8HJpow9Ok3fiWOWSIcIzXodvv0rQjVoOVNpWMpxf1wZNpt4y9h10odCNrqnYp1OBzRktckBe3sA==}
    hasBin: true
    dev: false

  /ws@8.16.0:
    resolution: {integrity: sha512-HS0c//TP7Ina87TfiPUz1rQzMhHrl/SG2guqRcTOIUYD2q8uhUdNHZYJUaQ8aTGPzCh+c6oawMKW35nFl1dxyQ==}
    engines: {node: '>=10.0.0'}
    peerDependencies:
      bufferutil: ^4.0.1
      utf-8-validate: '>=5.0.2'
    peerDependenciesMeta:
      bufferutil:
        optional: true
      utf-8-validate:
        optional: true
    dev: false

  /y-protocols@1.0.6(yjs@13.6.14):
    resolution: {integrity: sha512-vHRF2L6iT3rwj1jub/K5tYcTT/mEYDUppgNPXwp8fmLpui9f7Yeq3OEtTLVF012j39QnV+KEQpNqoN7CWU7Y9Q==}
    engines: {node: '>=16.0.0', npm: '>=8.0.0'}
    peerDependencies:
      yjs: ^13.0.0
    dependencies:
      lib0: 0.2.91
      yjs: 13.6.14
    dev: false

  /yjs@13.6.14:
    resolution: {integrity: sha512-D+7KcUr0j+vBCUSKXXEWfA+bG4UQBviAwP3gYBhkstkgwy5+8diOPMx0iqLIOxNo/HxaREUimZRxqHGAHCL2BQ==}
    engines: {node: '>=16.0.0', npm: '>=8.0.0'}
    dependencies:
      lib0: 0.2.91
    dev: false
